
Microsoft Visual Studio Solution File, Format Version 12.00
# Visual Studio Version 17
VisualStudioVersion = 17.7.33711.374
MinimumVisualStudioVersion = 10.0.40219.1
Project("{9A19103F-16F7-4668-BE54-9A1E7A4F7556}") = "ReedSolomon", "ReedSolomon\ReedSolomon.csproj", "{305A4D2F-A539-4C8D-B6CA-78F7B747A485}"
EndProject
Project("{9A19103F-16F7-4668-BE54-9A1E7A4F7556}") = "ReedSolomonTests", "ReedSolomonTests\ReedSolomonTests.csproj", "{A01F9BC0-4E9D-43FA-8965-C08C9C95115D}"
EndProject
Project("{FAE04EC0-301F-11D3-BF4B-00C04F79EFBC}") = "ReadmeExample", "ReadmeExample\ReadmeExample.csproj", "{071D3049-0A47-4374-9ADF-01792DC9A356}"
EndProject
Global
	GlobalSection(SolutionConfigurationPlatforms) = preSolution
		Debug|Any CPU = Debug|Any CPU
		Release|Any CPU = Release|Any CPU
	EndGlobalSection
	GlobalSection(ProjectConfigurationPlatforms) = postSolution
		{305A4D2F-A539-4C8D-B6CA-78F7B747A485}.Debug|Any CPU.ActiveCfg = Debug|Any CPU
		{305A4D2F-A539-4C8D-B6CA-78F7B747A485}.Debug|Any CPU.Build.0 = Debug|Any CPU
		{305A4D2F-A539-4C8D-B6CA-78F7B747A485}.Release|Any CPU.ActiveCfg = Release|Any CPU
		{305A4D2F-A539-4C8D-B6CA-78F7B747A485}.Release|Any CPU.Build.0 = Release|Any CPU
		{A01F9BC0-4E9D-43FA-8965-C08C9C95115D}.Debug|Any CPU.ActiveCfg = Debug|Any CPU
		{A01F9BC0-4E9D-43FA-8965-C08C9C95115D}.Debug|Any CPU.Build.0 = Debug|Any CPU
		{A01F9BC0-4E9D-43FA-8965-C08C9C95115D}.Release|Any CPU.ActiveCfg = Release|Any CPU
		{A01F9BC0-4E9D-43FA-8965-C08C9C95115D}.Release|Any CPU.Build.0 = Release|Any CPU
		{071D3049-0A47-4374-9ADF-01792DC9A356}.Debug|Any CPU.ActiveCfg = Debug|Any CPU
		{071D3049-0A47-4374-9ADF-01792DC9A356}.Debug|Any CPU.Build.0 = Debug|Any CPU
		{071D3049-0A47-4374-9ADF-01792DC9A356}.Release|Any CPU.ActiveCfg = Release|Any CPU
		{071D3049-0A47-4374-9ADF-01792DC9A356}.Release|Any CPU.Build.0 = Release|Any CPU
	EndGlobalSection
	GlobalSection(SolutionProperties) = preSolution
		HideSolutionNode = FALSE
	EndGlobalSection
	GlobalSection(ExtensibilityGlobals) = postSolution
		SolutionGuid = {0FF6D5F5-31DF-4DF1-A245-F12677811132}
	EndGlobalSection
EndGlobal
